
Microsoft Visual Studio Solution File, Format Version 12.00
# Visual Studio Version 16
VisualStudioVersion = 16.0.30011.22
MinimumVisualStudioVersion = 10.0.40219.1
Project("{9A19103F-16F7-4668-BE54-9A1E7A4F7556}") = "ModelTest", "ModelTest\ModelTest.csproj", "{B2C9B519-DD0D-492C-8A89-E065EE7C37ED}"
EndProject
Global
	GlobalSection(SolutionConfigurationPlatforms) = preSolution
		Debug|Any CPU = Debug|Any CPU
		Release|Any CPU = Release|Any CPU
	EndGlobalSection
	GlobalSection(ProjectConfigurationPlatforms) = postSolution
		{B2C9B519-DD0D-492C-8A89-E065EE7C37ED}.Debug|Any CPU.ActiveCfg = Debug|Any CPU
		{B2C9B519-DD0D-492C-8A89-E065EE7C37ED}.Debug|Any CPU.Build.0 = Debug|Any CPU
		{B2C9B519-DD0D-492C-8A89-E065EE7C37ED}.Release|Any CPU.ActiveCfg = Release|Any CPU
		{B2C9B519-DD0D-492C-8A89-E065EE7C37ED}.Release|Any CPU.Build.0 = Release|Any CPU
	EndGlobalSection
	GlobalSection(SolutionProperties) = preSolution
		HideSolutionNode = FALSE
	EndGlobalSection
	GlobalSection(ExtensibilityGlobals) = postSolution
		SolutionGuid = {729A3ACC-7F08-4B34-B226-FD9BD57836D7}
	EndGlobalSection
EndGlobal
